{
  "projects": [
    {
      "projectId": "seaQhLVS4bbjiGvJJrRwyL",
      "version": "15.0.3",
      "dependencies": {},
      "lang": "ts",
      "fileLocks": [
        {
          "assetId": "seaQhLVS4bbjiGvJJrRwyL",
          "type": "projectCss",
          "checksum": "ece20f44556ec6d6230797947e2125ef"
        }
      ]
    },
    {
      "projectId": "rzvCoVzaF3R2GUVDhpifyK",
      "version": "latest",
      "dependencies": {
        "seaQhLVS4bbjiGvJJrRwyL": "15.0.3"
      },
      "lang": "ts",
      "fileLocks": [
        {
          "type": "globalVariant",
          "assetId": "irC-CDVrpB1q",
          "checksum": "b7359b7508cb655d3a6b37f4c9f015a8"
        },
        {
          "assetId": "rzvCoVzaF3R2GUVDhpifyK",
          "type": "projectCss",
          "checksum": "462c5bb869d3c1710f99d796b1060ceb"
        },
        {
          "type": "renderModule",
          "assetId": "c1i3-kR6yhG",
          "checksum": "381ed2d4dbb6a45620f8c42be8c5d70b"
        },
        {
          "type": "cssRules",
          "assetId": "c1i3-kR6yhG",
          "checksum": "381ed2d4dbb6a45620f8c42be8c5d70b"
        },
        {
          "type": "renderModule",
          "assetId": "H2Memm7CAcl",
          "checksum": "12f1c66d381d16ffb16a6055371a4e14"
        },
        {
          "type": "cssRules",
          "assetId": "H2Memm7CAcl",
          "checksum": "12f1c66d381d16ffb16a6055371a4e14"
        },
        {
          "type": "renderModule",
          "assetId": "5cSBXvRUKgX",
          "checksum": "56d22d69355bc7d3f3c66adf831adc3d"
        },
        {
          "type": "cssRules",
          "assetId": "5cSBXvRUKgX",
          "checksum": "56d22d69355bc7d3f3c66adf831adc3d"
        },
        {
          "type": "renderModule",
          "assetId": "muRQyL_XdUF",
          "checksum": "4be37014fe5b23fbb92f4e5cc4947414"
        },
        {
          "type": "cssRules",
          "assetId": "muRQyL_XdUF",
          "checksum": "4be37014fe5b23fbb92f4e5cc4947414"
        },
        {
          "type": "renderModule",
          "assetId": "2LMfo35k5zXa",
          "checksum": "d6751bdd40b307e00ce907c1bb2a6f09"
        },
        {
          "type": "cssRules",
          "assetId": "2LMfo35k5zXa",
          "checksum": "d6751bdd40b307e00ce907c1bb2a6f09"
        },
        {
          "type": "renderModule",
          "assetId": "bz5yyMq_-Bm9",
          "checksum": "815f3a08e1929f32cd699f5736399084"
        },
        {
          "type": "cssRules",
          "assetId": "bz5yyMq_-Bm9",
          "checksum": "815f3a08e1929f32cd699f5736399084"
        },
        {
          "type": "renderModule",
          "assetId": "Cn71wxfMXIUD",
          "checksum": "68dc94cd7ef9c3c02fb7d864e28502b7"
        },
        {
          "type": "cssRules",
          "assetId": "Cn71wxfMXIUD",
          "checksum": "68dc94cd7ef9c3c02fb7d864e28502b7"
        },
        {
          "type": "renderModule",
          "assetId": "UvrD2WmY7WXX",
          "checksum": "c6b8a8e89e16fc45376b931f58934097"
        },
        {
          "type": "cssRules",
          "assetId": "UvrD2WmY7WXX",
          "checksum": "c6b8a8e89e16fc45376b931f58934097"
        },
        {
          "type": "renderModule",
          "assetId": "YUbDrbJ4zELA",
          "checksum": "c7d52b9ed35ed27c978369332250a009"
        },
        {
          "type": "cssRules",
          "assetId": "YUbDrbJ4zELA",
          "checksum": "c7d52b9ed35ed27c978369332250a009"
        },
        {
          "type": "renderModule",
          "assetId": "RhOZd6c1WS2V",
          "checksum": "9e83cee4cb712e7e18e2fe3556afdee0"
        },
        {
          "type": "cssRules",
          "assetId": "RhOZd6c1WS2V",
          "checksum": "9e83cee4cb712e7e18e2fe3556afdee0"
        },
        {
          "type": "renderModule",
          "assetId": "OfAA8Q5DZXYO",
          "checksum": "fa562c4664d320b74ad6196329f8d304"
        },
        {
          "type": "cssRules",
          "assetId": "OfAA8Q5DZXYO",
          "checksum": "fa562c4664d320b74ad6196329f8d304"
        },
        {
          "type": "icon",
          "assetId": "vFHGCL6rMF-F",
          "checksum": "b20ade897cad4c8ecf68031d673756fb"
        },
        {
          "type": "icon",
          "assetId": "t5Pp9_LRjRvz",
          "checksum": "4fc995ab4d575fa5ccefb58d03d8a91d"
        },
        {
          "type": "icon",
          "assetId": "6gY6LeT2xNIP",
          "checksum": "bd7bddb4d6209e68d64717ca75a00be1"
        },
        {
          "type": "icon",
          "assetId": "aRHuL35OeYHl",
          "checksum": "4cabf6e9e4365a083c4bb309c43c0194"
        },
        {
          "type": "icon",
          "assetId": "uIrh2t_47zpF",
          "checksum": "1b73ae8684222c54dd1720f72eeba4e7"
        },
        {
          "type": "icon",
          "assetId": "NIFQ8uDNWKHm",
          "checksum": "a3adf93a38ecea9a05c4375c6e6d4314"
        },
        {
          "type": "icon",
          "assetId": "XVPW9YwWmwIm",
          "checksum": "d396cc505706598b11dd85e04dcb737e"
        },
        {
          "type": "icon",
          "assetId": "vgwRwXXpCugt",
          "checksum": "8e0380dc44bab8bab4ad229f3c8b8771"
        },
        {
          "type": "icon",
          "assetId": "YWZSvqzz9Ds9",
          "checksum": "138e21af0d644deac1df19121cf3a30c"
        },
        {
          "type": "icon",
          "assetId": "Qv2S3vHBR-Ds",
          "checksum": "4bbc1c9988de1237f7554d49f25de01e"
        },
        {
          "type": "icon",
          "assetId": "n1VKgFnX4ReE",
          "checksum": "eac5a753cf33c9ef11325780ae84d92e"
        },
        {
          "type": "icon",
          "assetId": "GsWRYERMvgae",
          "checksum": "d2ad0b1348d7b68377a279bca7103eb7"
        },
        {
          "type": "icon",
          "assetId": "f2TwIhzinH1v",
          "checksum": "54e93a8bc7a8a0609cca7c584e4d8833"
        },
        {
          "type": "icon",
          "assetId": "xewg82qDPqP2",
          "checksum": "9f872e63064c2ca61892b9da72496546"
        },
        {
          "type": "icon",
          "assetId": "QZb3eEnhXM7O",
          "checksum": "defacf6c9cd5b160c5337ffbf73ecbcd"
        },
        {
          "type": "icon",
          "assetId": "A-Sn7kDDdfE8",
          "checksum": "d9acb4b81ef887542bfd492597383cce"
        },
        {
          "type": "icon",
          "assetId": "D0UQ4Kf5dTbI",
          "checksum": "82cfebc61c8c9203c47ea3c52509e1e3"
        },
        {
          "type": "image",
          "assetId": "lq3-pnRB-92T",
          "checksum": "013756aab3a18dc659c0182bf110a414"
        },
        {
          "type": "image",
          "assetId": "j-lWHaDEr6-j",
          "checksum": "a2dd50259fd1f65a2db3db5b92dfb50d"
        },
        {
          "type": "image",
          "assetId": "FwQYEnaRS9YJ",
          "checksum": "23040b3199c0bd8b3aad37fecdf5508b"
        },
        {
          "type": "image",
          "assetId": "1NDsylcuJmjB",
          "checksum": "3898dc0727d60615282510e191735bf7"
        },
        {
          "type": "image",
          "assetId": "OGOKxw0O3gkP",
          "checksum": "801d50519a44b5d72414dd4ca6f3e9f3"
        },
        {
          "type": "image",
          "assetId": "HuUZ-Xnxjrd5",
          "checksum": "66dad2a591159f0351a63b49f9fa6faa"
        },
        {
          "type": "image",
          "assetId": "H_iB8wBLLO9b",
          "checksum": "e1abd08932330f0b87dc9f0e3ea0bab6"
        },
        {
          "type": "image",
          "assetId": "iIqCa5-uPjsW",
          "checksum": "bd8cbd75ee9c3cf18d9c719bd579b4f1"
        },
        {
          "type": "image",
          "assetId": "sUgEfKfQ4ZTB",
          "checksum": "152ee07a2a10ec9b2dd428d8b6606a01"
        },
        {
          "type": "image",
          "assetId": "8F26tDBeeCrF",
          "checksum": "281dea06e8da1b6a6085447d2effceb8"
        },
        {
          "type": "image",
          "assetId": "HLoxlTnrpvoX",
          "checksum": "34228ffc54b9611f78eb5cef079320aa"
        },
        {
          "type": "image",
          "assetId": "V89LFYek5Jhl",
          "checksum": "22b79e165f927c0b93d19c1d1ee44815"
        },
        {
          "type": "image",
          "assetId": "3C5YWQPrbCrx",
          "checksum": "7358714b4a74e1ad6b6fe09b5b5a091e"
        },
        {
          "type": "image",
          "assetId": "LxDWfyxvCYsK",
          "checksum": "4e80103b7ed9421753deb9b49855dd89"
        },
        {
          "type": "image",
          "assetId": "yVUmRiCieU6i",
          "checksum": "ae7eb49afdf10105af12da417d1afd6f"
        },
        {
          "type": "image",
          "assetId": "ltD1pvyg8HdK",
          "checksum": "4237d6b2a373128ea819b2b32bd02158"
        },
        {
          "type": "image",
          "assetId": "6QI-pBmmTwge",
          "checksum": "522356cef759ed04a4d32ec3e03068b0"
        },
        {
          "type": "image",
          "assetId": "-oTg062YiiqK",
          "checksum": "c916717682c4d2eee4b66357786f4ca0"
        },
        {
          "type": "image",
          "assetId": "DnElUp5rjDPb",
          "checksum": "b7dacd3253536ce1e27a46afae79e836"
        },
        {
          "type": "image",
          "assetId": "4v2eNM7yZ3-2",
          "checksum": "26714ffc17504b7798f4f160fe484a82"
        },
        {
          "type": "image",
          "assetId": "oHHBL1na5UDG",
          "checksum": "d0699e2925b2e4f06787aaeba1bde8d2"
        },
        {
          "type": "image",
          "assetId": "hNArDcHwnq1v",
          "checksum": "1c34bf2c0623952cd1f68b2b48436078"
        },
        {
          "type": "image",
          "assetId": "7fzzF-0rCNgl",
          "checksum": "df132ed6638646f62ecbb8c8d7ef9eff"
        },
        {
          "type": "image",
          "assetId": "utjJqxA7q0fj",
          "checksum": "a007ac5949f0f6cb1ab190995f599dda"
        },
        {
          "type": "image",
          "assetId": "JiWeezTXV3Nt",
          "checksum": "86a45a3eb9d3cb72850605c79db00782"
        }
      ]
    }
  ],
  "cliVersion": "0.1.163"
}
